
Microsoft Visual Studio Solution File, Format Version 12.00
# Visual Studio Version 17
VisualStudioVersion = 17.0.31903.59
MinimumVisualStudioVersion = 10.0.40219.1
Project("{2150E333-8FDC-42A3-9474-1A3956D46DE8}") = "src", "src", "{827E0CD3-B72D-47B6-A68D-7590B98EB39B}"
EndProject
Project("{2150E333-8FDC-42A3-9474-1A3956D46DE8}") = "Graphics", "Graphics", "{120F1055-7862-15D3-659A-E23895047156}"
EndProject
Project("{FAE04EC0-301F-11D3-BF4B-00C04F79EFBC}") = "Lumyte.Graphics.Wgpu", "src\Graphics\Lumyte.Graphics.Wgpu\Lumyte.Graphics.Wgpu.csproj", "{FDC64968-D40A-47E2-8612-BEC347B4FCF6}"
EndProject
Project("{2150E333-8FDC-42A3-9474-1A3956D46DE8}") = "samples", "samples", "{5D20AA90-6969-D8BD-9DCD-8634F4692FDA}"
EndProject
Project("{FAE04EC0-301F-11D3-BF4B-00C04F79EFBC}") = "Wgpu.Headless", "samples\Wgpu.Headless\Wgpu.Headless.csproj", "{D0687B23-0D0C-4CE3-A786-6D2FB74801EF}"
EndProject
Project("{2150E333-8FDC-42A3-9474-1A3956D46DE8}") = "tests", "tests", "{0AB3BF05-4346-4AA6-1389-037BE0695223}"
EndProject
Project("{FAE04EC0-301F-11D3-BF4B-00C04F79EFBC}") = "Lumyte.Graphics.Wgpu.Tests", "tests\Lumyte.Graphics.Wgpu.Tests\Lumyte.Graphics.Wgpu.Tests.csproj", "{779EF01C-9421-4FB8-969E-6A26EE66917E}"
EndProject
Project("{FAE04EC0-301F-11D3-BF4B-00C04F79EFBC}") = "Lumyte.Graphics.Core", "src\Graphics\Lumyte.Graphics.Core\Lumyte.Graphics.Core.csproj", "{C66B897A-5661-4F77-A921-6972C070FA74}"
EndProject
Project("{FAE04EC0-301F-11D3-BF4B-00C04F79EFBC}") = "Lumyte.Graphics", "src\Graphics\Lumyte.Graphics\Lumyte.Graphics.csproj", "{E07F3C53-026E-4D98-81A3-9C4917080CAC}"
EndProject
Global
	GlobalSection(SolutionConfigurationPlatforms) = preSolution
		Debug|Any CPU = Debug|Any CPU
		Debug|x64 = Debug|x64
		Debug|x86 = Debug|x86
		Release|Any CPU = Release|Any CPU
		Release|x64 = Release|x64
		Release|x86 = Release|x86
	EndGlobalSection
	GlobalSection(ProjectConfigurationPlatforms) = postSolution
		{FDC64968-D40A-47E2-8612-BEC347B4FCF6}.Debug|Any CPU.ActiveCfg = Debug|Any CPU
		{FDC64968-D40A-47E2-8612-BEC347B4FCF6}.Debug|Any CPU.Build.0 = Debug|Any CPU
		{FDC64968-D40A-47E2-8612-BEC347B4FCF6}.Debug|x64.ActiveCfg = Debug|Any CPU
		{FDC64968-D40A-47E2-8612-BEC347B4FCF6}.Debug|x64.Build.0 = Debug|Any CPU
		{FDC64968-D40A-47E2-8612-BEC347B4FCF6}.Debug|x86.ActiveCfg = Debug|Any CPU
		{FDC64968-D40A-47E2-8612-BEC347B4FCF6}.Debug|x86.Build.0 = Debug|Any CPU
		{FDC64968-D40A-47E2-8612-BEC347B4FCF6}.Release|Any CPU.ActiveCfg = Release|Any CPU
		{FDC64968-D40A-47E2-8612-BEC347B4FCF6}.Release|Any CPU.Build.0 = Release|Any CPU
		{FDC64968-D40A-47E2-8612-BEC347B4FCF6}.Release|x64.ActiveCfg = Release|Any CPU
		{FDC64968-D40A-47E2-8612-BEC347B4FCF6}.Release|x64.Build.0 = Release|Any CPU
		{FDC64968-D40A-47E2-8612-BEC347B4FCF6}.Release|x86.ActiveCfg = Release|Any CPU
		{FDC64968-D40A-47E2-8612-BEC347B4FCF6}.Release|x86.Build.0 = Release|Any CPU
		{D0687B23-0D0C-4CE3-A786-6D2FB74801EF}.Debug|Any CPU.ActiveCfg = Debug|Any CPU
		{D0687B23-0D0C-4CE3-A786-6D2FB74801EF}.Debug|Any CPU.Build.0 = Debug|Any CPU
		{D0687B23-0D0C-4CE3-A786-6D2FB74801EF}.Debug|x64.ActiveCfg = Debug|Any CPU
		{D0687B23-0D0C-4CE3-A786-6D2FB74801EF}.Debug|x64.Build.0 = Debug|Any CPU
		{D0687B23-0D0C-4CE3-A786-6D2FB74801EF}.Debug|x86.ActiveCfg = Debug|Any CPU
		{D0687B23-0D0C-4CE3-A786-6D2FB74801EF}.Debug|x86.Build.0 = Debug|Any CPU
		{D0687B23-0D0C-4CE3-A786-6D2FB74801EF}.Release|Any CPU.ActiveCfg = Release|Any CPU
		{D0687B23-0D0C-4CE3-A786-6D2FB74801EF}.Release|Any CPU.Build.0 = Release|Any CPU
		{D0687B23-0D0C-4CE3-A786-6D2FB74801EF}.Release|x64.ActiveCfg = Release|Any CPU
		{D0687B23-0D0C-4CE3-A786-6D2FB74801EF}.Release|x64.Build.0 = Release|Any CPU
		{D0687B23-0D0C-4CE3-A786-6D2FB74801EF}.Release|x86.ActiveCfg = Release|Any CPU
		{D0687B23-0D0C-4CE3-A786-6D2FB74801EF}.Release|x86.Build.0 = Release|Any CPU
		{779EF01C-9421-4FB8-969E-6A26EE66917E}.Debug|Any CPU.ActiveCfg = Debug|Any CPU
		{779EF01C-9421-4FB8-969E-6A26EE66917E}.Debug|Any CPU.Build.0 = Debug|Any CPU
		{779EF01C-9421-4FB8-969E-6A26EE66917E}.Debug|x64.ActiveCfg = Debug|Any CPU
		{779EF01C-9421-4FB8-969E-6A26EE66917E}.Debug|x64.Build.0 = Debug|Any CPU
		{779EF01C-9421-4FB8-969E-6A26EE66917E}.Debug|x86.ActiveCfg = Debug|Any CPU
		{779EF01C-9421-4FB8-969E-6A26EE66917E}.Debug|x86.Build.0 = Debug|Any CPU
		{779EF01C-9421-4FB8-969E-6A26EE66917E}.Release|Any CPU.ActiveCfg = Release|Any CPU
		{779EF01C-9421-4FB8-969E-6A26EE66917E}.Release|Any CPU.Build.0 = Release|Any CPU
		{779EF01C-9421-4FB8-969E-6A26EE66917E}.Release|x64.ActiveCfg = Release|Any CPU
		{779EF01C-9421-4FB8-969E-6A26EE66917E}.Release|x64.Build.0 = Release|Any CPU
		{779EF01C-9421-4FB8-969E-6A26EE66917E}.Release|x86.ActiveCfg = Release|Any CPU
		{779EF01C-9421-4FB8-969E-6A26EE66917E}.Release|x86.Build.0 = Release|Any CPU
		{C66B897A-5661-4F77-A921-6972C070FA74}.Debug|Any CPU.ActiveCfg = Debug|Any CPU
		{C66B897A-5661-4F77-A921-6972C070FA74}.Debug|Any CPU.Build.0 = Debug|Any CPU
		{C66B897A-5661-4F77-A921-6972C070FA74}.Debug|x64.ActiveCfg = Debug|Any CPU
		{C66B897A-5661-4F77-A921-6972C070FA74}.Debug|x64.Build.0 = Debug|Any CPU
		{C66B897A-5661-4F77-A921-6972C070FA74}.Debug|x86.ActiveCfg = Debug|Any CPU
		{C66B897A-5661-4F77-A921-6972C070FA74}.Debug|x86.Build.0 = Debug|Any CPU
		{C66B897A-5661-4F77-A921-6972C070FA74}.Release|Any CPU.ActiveCfg = Release|Any CPU
		{C66B897A-5661-4F77-A921-6972C070FA74}.Release|Any CPU.Build.0 = Release|Any CPU
		{C66B897A-5661-4F77-A921-6972C070FA74}.Release|x64.ActiveCfg = Release|Any CPU
		{C66B897A-5661-4F77-A921-6972C070FA74}.Release|x64.Build.0 = Release|Any CPU
		{C66B897A-5661-4F77-A921-6972C070FA74}.Release|x86.ActiveCfg = Release|Any CPU
		{C66B897A-5661-4F77-A921-6972C070FA74}.Release|x86.Build.0 = Release|Any CPU
		{E07F3C53-026E-4D98-81A3-9C4917080CAC}.Debug|Any CPU.ActiveCfg = Debug|Any CPU
		{E07F3C53-026E-4D98-81A3-9C4917080CAC}.Debug|Any CPU.Build.0 = Debug|Any CPU
		{E07F3C53-026E-4D98-81A3-9C4917080CAC}.Debug|x64.ActiveCfg = Debug|Any CPU
		{E07F3C53-026E-4D98-81A3-9C4917080CAC}.Debug|x64.Build.0 = Debug|Any CPU
		{E07F3C53-026E-4D98-81A3-9C4917080CAC}.Debug|x86.ActiveCfg = Debug|Any CPU
		{E07F3C53-026E-4D98-81A3-9C4917080CAC}.Debug|x86.Build.0 = Debug|Any CPU
		{E07F3C53-026E-4D98-81A3-9C4917080CAC}.Release|Any CPU.ActiveCfg = Release|Any CPU
		{E07F3C53-026E-4D98-81A3-9C4917080CAC}.Release|Any CPU.Build.0 = Release|Any CPU
		{E07F3C53-026E-4D98-81A3-9C4917080CAC}.Release|x64.ActiveCfg = Release|Any CPU
		{E07F3C53-026E-4D98-81A3-9C4917080CAC}.Release|x64.Build.0 = Release|Any CPU
		{E07F3C53-026E-4D98-81A3-9C4917080CAC}.Release|x86.ActiveCfg = Release|Any CPU
		{E07F3C53-026E-4D98-81A3-9C4917080CAC}.Release|x86.Build.0 = Release|Any CPU
	EndGlobalSection
	GlobalSection(SolutionProperties) = preSolution
		HideSolutionNode = FALSE
	EndGlobalSection
	GlobalSection(NestedProjects) = preSolution
		{120F1055-7862-15D3-659A-E23895047156} = {827E0CD3-B72D-47B6-A68D-7590B98EB39B}
		{FDC64968-D40A-47E2-8612-BEC347B4FCF6} = {120F1055-7862-15D3-659A-E23895047156}
		{D0687B23-0D0C-4CE3-A786-6D2FB74801EF} = {5D20AA90-6969-D8BD-9DCD-8634F4692FDA}
		{779EF01C-9421-4FB8-969E-6A26EE66917E} = {0AB3BF05-4346-4AA6-1389-037BE0695223}
		{C66B897A-5661-4F77-A921-6972C070FA74} = {120F1055-7862-15D3-659A-E23895047156}
		{E07F3C53-026E-4D98-81A3-9C4917080CAC} = {120F1055-7862-15D3-659A-E23895047156}
	EndGlobalSection
EndGlobal
