# @generated - this file is auto-generated by `mise lock` https://mise.jdx.dev/dev-tools/mise-lock.html

lockfile_version = 3

[[tools."http:clang-format"]]
version = "2026.09.01"
backend = "http:clang-format"
specifiers = ["2026.09.01"]

[tools."http:clang-format"."platforms.linux-arm64"]
checksum = "sha256:bc001ad9c42023c48d6321c9ea3961df4f39a9d688eb95ca0f27808d07a55255"
url = "https://github.com/cpp-linter/clang-tools-static-binaries/releases/download/2026.09.01-5fb8802d/clang-format-22_linux-arm64"

[tools."http:clang-format"."platforms.linux-x64"]
checksum = "sha256:94276e7eedb242f58e744a81c6c09bb8c791ec542b7993c14484f5e9652c87e9"
url = "https://github.com/cpp-linter/clang-tools-static-binaries/releases/download/2026.09.01-5fb8802d/clang-format-22_linux-amd64"

[tools."http:clang-format"."platforms.windows-arm64"]
checksum = "sha256:efc404969f9777de2dd43ab9868837c6b3189fa1b5285e58fd7883fdaffbe930"
url = "https://github.com/cpp-linter/clang-tools-static-binaries/releases/download/2026.09.01-5fb8802d/clang-format-22_windows-arm64.exe"

[tools."http:clang-format"."platforms.windows-x64"]
checksum = "sha256:61b65e096bd7d5b2050059e5a81688371cade58bffcfb17c2f58ef3571ffc2fd"
url = "https://github.com/cpp-linter/clang-tools-static-binaries/releases/download/2026.09.01-5fb8802d/clang-format-22_windows-amd64.exe"

[[tools."http:cmake"]]
version = "4.4.0"
backend = "http:cmake"
specifiers = ["4.4.0"]

[tools."http:cmake".options]
strip_components = "1"

[tools."http:cmake"."platforms.linux-arm64"]
checksum = "sha256:e98bb53e0b00a8f672424517d34c05bb9b94fd1c888c89e0b81bc8df51d1a94b"
url = "https://github.com/Kitware/CMake/releases/download/v4.4.0/cmake-4.4.0-linux-aarch64.tar.gz"

[tools."http:cmake"."platforms.linux-x64"]
checksum = "sha256:3864eb649b4466ae126a64bbde1657adad78efbbaa068bf38201de5cf1b5349f"
url = "https://github.com/Kitware/CMake/releases/download/v4.4.0/cmake-4.4.0-linux-x86_64.tar.gz"

[tools."http:cmake"."platforms.windows-arm64"]
checksum = "sha256:57437e918b2929bbd25b8d427611120149df02d4b216872e0f48f361f03d71e5"
url = "https://github.com/Kitware/CMake/releases/download/v4.4.0/cmake-4.4.0-windows-arm64.zip"

[tools."http:cmake"."platforms.windows-x64"]
checksum = "sha256:156d70eb7625a7b469444df7d0861d2af8d5d0a437fce32c350372b08f5620e8"
url = "https://github.com/Kitware/CMake/releases/download/v4.4.0/cmake-4.4.0-windows-x86_64.zip"

[[tools."http:dotnet"]]
version = "10.0.401"
backend = "http:dotnet"
specifiers = ["10.0.401"]

[tools."http:dotnet"."platforms.linux-arm64"]
checksum = "sha512:58ace73ced6b4360754689a686bdfb8a317f4da6cb8bb416dbc7d0ba9f47e43e3c09f5eb1f1a1cfaacbd10df9558da4882bf2a5e195d6ab56a02c1f9f76102ed"
url = "https://builds.dotnet.microsoft.com/dotnet/Sdk/10.0.401/dotnet-sdk-10.0.401-linux-arm64.tar.gz"

[tools."http:dotnet"."platforms.linux-x64"]
checksum = "sha512:51c8b999af9e8dd9998c9edc5944e19a90788862068acd38694e098889054ce8c23d4f0c5cccfa16bf187d044562359e5ee69a9f8ad0bbe913ba90311fbce25b"
url = "https://builds.dotnet.microsoft.com/dotnet/Sdk/10.0.401/dotnet-sdk-10.0.401-linux-x64.tar.gz"

[tools."http:dotnet"."platforms.windows-arm64"]
checksum = "sha512:8272eaab6f06ad658b1976e19d88beed287a601f968b71d5c26b75d10587cf087665c599d2e136a911002f955c97f59aa8692581bbf6b8e7af5f82604c810256"
url = "https://builds.dotnet.microsoft.com/dotnet/Sdk/10.0.401/dotnet-sdk-10.0.401-win-arm64.zip"

[tools."http:dotnet"."platforms.windows-x64"]
checksum = "sha512:24b670ad3d923bfcf47df6c3b034152398b42f6dbc388e10d783aee1cfb5e5817d399fc0ae2a12cfa822a55e61d34830ccb15c50ef6efee437ab874bb7c79430"
url = "https://builds.dotnet.microsoft.com/dotnet/Sdk/10.0.401/dotnet-sdk-10.0.401-win-x64.zip"

[[tools."http:ninja"]]
version = "1.13.2"
backend = "http:ninja"
specifiers = ["1.13.2"]

[tools."http:ninja"."platforms.linux-arm64"]
checksum = "sha256:fd2cacc8050a7f12a16a2e48f9e06fca5c14fc4c2bee2babb67b58be17a607fc"
url = "https://github.com/ninja-build/ninja/releases/download/v1.13.2/ninja-linux-aarch64.zip"

[tools."http:ninja"."platforms.linux-x64"]
checksum = "sha256:5749cbc4e668273514150a80e387a957f933c6ed3f5f11e03fb30955e2bbead6"
url = "https://github.com/ninja-build/ninja/releases/download/v1.13.2/ninja-linux.zip"

[tools."http:ninja"."platforms.windows-arm64"]
checksum = "sha256:e52f0bdef9dfb1003229dbd6508a508c4073fd017247002adc66e5e806cb0391"
url = "https://github.com/ninja-build/ninja/releases/download/v1.13.2/ninja-winarm64.zip"

[tools."http:ninja"."platforms.windows-x64"]
checksum = "sha256:07fc8261b42b20e71d1720b39068c2e14ffcee6396b76fb7a795fb460b78dc65"
url = "https://github.com/ninja-build/ninja/releases/download/v1.13.2/ninja-win.zip"

[[tools."http:slang"]]
version = "2026.19"
backend = "http:slang"
specifiers = ["2026.19"]

[tools."http:slang"."platforms.linux-arm64"]
checksum = "sha256:f49229eb9606b47b122e1d8789be46a7bcd6bb2ffa94b06fae6d544a4e6df637"
url = "https://github.com/shader-slang/slang/releases/download/v2026.19/slang-2026.19-linux-aarch64-glibc-2.28.tar.gz"

[tools."http:slang"."platforms.linux-x64"]
checksum = "sha256:bd7afcb0956dee9304f44ed115e9aaa7140704271b5c3294bcb237e3ae67adc7"
url = "https://github.com/shader-slang/slang/releases/download/v2026.19/slang-2026.19-linux-x86_64-glibc-2.28.tar.gz"

[tools."http:slang"."platforms.windows-arm64"]
checksum = "sha256:6ddc5a56d22690d2077f91edea884f88f8ea35cba4d2f717fc84bf1c2ded766f"
url = "https://github.com/shader-slang/slang/releases/download/v2026.19/slang-2026.19-windows-aarch64.zip"

[tools."http:slang"."platforms.windows-x64"]
checksum = "sha256:fc922f214b5d115f663932e59e80e0f6b6cc6fae140979cf307da6459b6f8f33"
url = "https://github.com/shader-slang/slang/releases/download/v2026.19/slang-2026.19-windows-x86_64.zip"

[[tools.node]]
version = "24.21.0"
backend = "core:node"
specifiers = ["24.21.0"]

[tools.node."platforms.linux-arm64"]
checksum = "sha256:724282c3b43aec998aa9527380465b45d229e021b58035f5f4f63095eabfe5d5"
url = "https://nodejs.org/dist/v24.21.0/node-v24.21.0-linux-arm64.tar.gz"

[tools.node."platforms.linux-x64"]
checksum = "sha256:6e1db87ef58b8819e5d5402eff1536491b18edd8eb7bee5ef7897876e88dc5ff"
url = "https://nodejs.org/dist/v24.21.0/node-v24.21.0-linux-x64.tar.gz"

[tools.node."platforms.windows-arm64"]
checksum = "sha256:8779b1bde1d39f8d420e3b57aa657b39891af434d3de44a919044cec06785921"
url = "https://nodejs.org/dist/v24.21.0/node-v24.21.0-win-arm64.zip"

[tools.node."platforms.windows-x64"]
checksum = "sha256:158f7685b44de51f6c0df1d153526cbcd3e1bc739a8dfc607721cef75de9e541"
url = "https://nodejs.org/dist/v24.21.0/node-v24.21.0-win-x64.zip"

[[tools."npm:markdownlint-cli2"]]
version = "0.23.3"
aube = { path = ".mise/locks/npm-markdownlint-cli2/0.23.3", digest = "sha256:39523bb981360d43f75c10a114ee091e42ff45a76d3c2c666a283ff017bd4926" }
backend = "npm:markdownlint-cli2"
specifiers = ["0.23.3"]
